{
  "lockFileVersion": 3,
  "moduleFileHash": "43aae26f63ddd688cf09b439e546de150dfb07f11d8a3cbd3e8dd6c5db6c0ded",
  "flags": {
    "cmdRegistries": [
      "https://raw.githubusercontent.com/pjreiniger/bazel-central-registry/bzlmodrio/"
    ],
    "cmdModuleOverrides": {},
    "allowedYankedVersions": [],
    "envVarAllowedYankedVersions": "",
    "ignoreDevDependency": false,
    "directDependenciesMode": "WARNING",
    "compatibilityMode": "ERROR"
  },
  "localOverrideHashes": {
    "bazel_tools": "0cc38516259ab87144b82461dd874e139f093d8e356667c3a3c5a52441ac448f"
  },
  "moduleDepGraph": {
    "<root>": {
      "name": "rules_bzlmodrio_jdk",
      "version": "17.0.8.1+1",
      "key": "<root>",
      "repoName": "rules_bzlmodrio_jdk",
      "executionPlatformsToRegister": [],
      "toolchainsToRegister": [
        "@roboriojdk_linux_toolchain_config_repo//:all",
        "@roboriojdk_linux_arm64_toolchain_config_repo//:all",
        "@roboriojdk_mac_toolchain_config_repo//:all",
        "@roboriojdk_mac_arm64_toolchain_config_repo//:all",
        "@roboriojdk_windows_toolchain_config_repo//:all"
      ],
      "extensionUsages": [
        {
          "extensionBzlFile": "@rules_bzlmodrio_jdk//:maven_deps.bzl",
          "extensionName": "deps",
          "usingModule": "<root>",
          "location": {
            "file": "@@//:MODULE.bazel",
            "line": 10,
            "column": 21
          },
          "imports": {
            "roboriojdk_linux": "roboriojdk_linux",
            "roboriojdk_linux_toolchain_config_repo": "roboriojdk_linux_toolchain_config_repo",
            "roboriojdk_linux_arm64": "roboriojdk_linux_arm64",
            "roboriojdk_linux_arm64_toolchain_config_repo": "roboriojdk_linux_arm64_toolchain_config_repo",
            "roboriojdk_mac": "roboriojdk_mac",
            "roboriojdk_mac_toolchain_config_repo": "roboriojdk_mac_toolchain_config_repo",
            "roboriojdk_mac_arm64": "roboriojdk_mac_arm64",
            "roboriojdk_mac_arm64_toolchain_config_repo": "roboriojdk_mac_arm64_toolchain_config_repo",
            "roboriojdk_windows": "roboriojdk_windows",
            "roboriojdk_windows_toolchain_config_repo": "roboriojdk_windows_toolchain_config_repo"
          },
          "devImports": [],
          "tags": [],
          "hasDevUseExtension": false,
          "hasNonDevUseExtension": true
        }
      ],
      "deps": {
        "platforms": "platforms@0.0.7",
        "rules_java": "rules_java@6.4.0",
        "rules_bzlmodrio_toolchains": "rules_bzlmodrio_toolchains@2024-1",
        "bazel_tools": "bazel_tools@_",
        "local_config_platform": "local_config_platform@_"
      }
    },
    "platforms@0.0.7": {
      "name": "platforms",
      "version": "0.0.7",
      "key": "platforms@0.0.7",
      "repoName": "platforms",
      "executionPlatformsToRegister": [],
      "toolchainsToRegister": [],
      "extensionUsages": [],
      "deps": {
        "rules_license": "rules_license@0.0.7",
        "bazel_tools": "bazel_tools@_",
        "local_config_platform": "local_config_platform@_"
      },
      "repoSpec": {
        "bzlFile": "@bazel_tools//tools/build_defs/repo:http.bzl",
        "ruleClassName": "http_archive",
        "attributes": {
          "name": "platforms",
          "urls": [
            "https://github.com/bazelbuild/platforms/releases/download/0.0.7/platforms-0.0.7.tar.gz"
          ],
          "integrity": "sha256-OlYcmee9vpFzqmU/1Xn+hJ8djWc5V4CrR3Cx84FDHVE=",
          "strip_prefix": "",
          "remote_patches": {},
          "remote_patch_strip": 0
        }
      }
    },
    "rules_java@6.4.0": {
      "name": "rules_java",
      "version": "6.4.0",
      "key": "rules_java@6.4.0",
      "repoName": "rules_java",
      "executionPlatformsToRegister": [],
      "toolchainsToRegister": [
        "//toolchains:all",
        "@local_jdk//:runtime_toolchain_definition",
        "@remotejdk11_linux_toolchain_config_repo//:toolchain",
        "@remotejdk11_linux_aarch64_toolchain_config_repo//:toolchain",
        "@remotejdk11_linux_ppc64le_toolchain_config_repo//:toolchain",
        "@remotejdk11_linux_s390x_toolchain_config_repo//:toolchain",
        "@remotejdk11_macos_toolchain_config_repo//:toolchain",
        "@remotejdk11_macos_aarch64_toolchain_config_repo//:toolchain",
        "@remotejdk11_win_toolchain_config_repo//:toolchain",
        "@remotejdk11_win_arm64_toolchain_config_repo//:toolchain",
        "@remotejdk17_linux_toolchain_config_repo//:toolchain",
        "@remotejdk17_linux_aarch64_toolchain_config_repo//:toolchain",
        "@remotejdk17_linux_ppc64le_toolchain_config_repo//:toolchain",
        "@remotejdk17_linux_s390x_toolchain_config_repo//:toolchain",
        "@remotejdk17_macos_toolchain_config_repo//:toolchain",
        "@remotejdk17_macos_aarch64_toolchain_config_repo//:toolchain",
        "@remotejdk17_win_toolchain_config_repo//:toolchain",
        "@remotejdk17_win_arm64_toolchain_config_repo//:toolchain",
        "@remotejdk20_linux_toolchain_config_repo//:toolchain",
        "@remotejdk20_linux_aarch64_toolchain_config_repo//:toolchain",
        "@remotejdk20_macos_toolchain_config_repo//:toolchain",
        "@remotejdk20_macos_aarch64_toolchain_config_repo//:toolchain",
        "@remotejdk20_win_toolchain_config_repo//:toolchain"
      ],
      "extensionUsages": [
        {
          "extensionBzlFile": "@rules_java//java:extensions.bzl",
          "extensionName": "toolchains",
          "usingModule": "rules_java@6.4.0",
          "location": {
            "file": "https://raw.githubusercontent.com/pjreiniger/bazel-central-registry/bzlmodrio/modules/rules_java/6.4.0/MODULE.bazel",
            "line": 17,
            "column": 27
          },
          "imports": {
            "remote_java_tools": "remote_java_tools",
            "remote_java_tools_linux": "remote_java_tools_linux",
            "remote_java_tools_windows": "remote_java_tools_windows",
            "remote_java_tools_darwin_x86_64": "remote_java_tools_darwin_x86_64",
            "remote_java_tools_darwin_arm64": "remote_java_tools_darwin_arm64",
            "local_jdk": "local_jdk",
            "remotejdk11_linux_toolchain_config_repo": "remotejdk11_linux_toolchain_config_repo",
            "remotejdk11_linux_aarch64_toolchain_config_repo": "remotejdk11_linux_aarch64_toolchain_config_repo",
            "remotejdk11_linux_ppc64le_toolchain_config_repo": "remotejdk11_linux_ppc64le_toolchain_config_repo",
            "remotejdk11_linux_s390x_toolchain_config_repo": "remotejdk11_linux_s390x_toolchain_config_repo",
            "remotejdk11_macos_toolchain_config_repo": "remotejdk11_macos_toolchain_config_repo",
            "remotejdk11_macos_aarch64_toolchain_config_repo": "remotejdk11_macos_aarch64_toolchain_config_repo",
            "remotejdk11_win_toolchain_config_repo": "remotejdk11_win_toolchain_config_repo",
            "remotejdk11_win_arm64_toolchain_config_repo": "remotejdk11_win_arm64_toolchain_config_repo",
            "remotejdk17_linux_toolchain_config_repo": "remotejdk17_linux_toolchain_config_repo",
            "remotejdk17_linux_aarch64_toolchain_config_repo": "remotejdk17_linux_aarch64_toolchain_config_repo",
            "remotejdk17_linux_ppc64le_toolchain_config_repo": "remotejdk17_linux_ppc64le_toolchain_config_repo",
            "remotejdk17_linux_s390x_toolchain_config_repo": "remotejdk17_linux_s390x_toolchain_config_repo",
            "remotejdk17_macos_toolchain_config_repo": "remotejdk17_macos_toolchain_config_repo",
            "remotejdk17_macos_aarch64_toolchain_config_repo": "remotejdk17_macos_aarch64_toolchain_config_repo",
            "remotejdk17_win_toolchain_config_repo": "remotejdk17_win_toolchain_config_repo",
            "remotejdk17_win_arm64_toolchain_config_repo": "remotejdk17_win_arm64_toolchain_config_repo",
            "remotejdk20_linux_toolchain_config_repo": "remotejdk20_linux_toolchain_config_repo",
            "remotejdk20_linux_aarch64_toolchain_config_repo": "remotejdk20_linux_aarch64_toolchain_config_repo",
            "remotejdk20_macos_toolchain_config_repo": "remotejdk20_macos_toolchain_config_repo",
            "remotejdk20_macos_aarch64_toolchain_config_repo": "remotejdk20_macos_aarch64_toolchain_config_repo",
            "remotejdk20_win_toolchain_config_repo": "remotejdk20_win_toolchain_config_repo"
          },
          "devImports": [],
          "tags": [],
          "hasDevUseExtension": false,
          "hasNonDevUseExtension": true
        }
      ],
      "deps": {
        "platforms": "platforms@0.0.7",
        "rules_cc": "rules_cc@0.0.9",
        "bazel_skylib": "bazel_skylib@1.4.2",
        "rules_proto": "rules_proto@4.0.0",
        "rules_license": "rules_license@0.0.7",
        "bazel_tools": "bazel_tools@_",
        "local_config_platform": "local_config_platform@_"
      },
      "repoSpec": {
        "bzlFile": "@bazel_tools//tools/build_defs/repo:http.bzl",
        "ruleClassName": "http_archive",
        "attributes": {
          "name": "rules_java~6.4.0",
          "urls": [
            "https://github.com/bazelbuild/rules_java/releases/download/6.4.0/rules_java-6.4.0.tar.gz"
          ],
          "integrity": "sha256-J6v40rJvRXK6QRKujrRDlRNhUBjgOimfhahGD2mS9qM=",
          "strip_prefix": "",
          "remote_patches": {},
          "remote_patch_strip": 0
        }
      }
    },
    "rules_bzlmodrio_toolchains@2024-1": {
      "name": "rules_bzlmodrio_toolchains",
      "version": "2024-1",
      "key": "rules_bzlmodrio_toolchains@2024-1",
      "repoName": "rules_bzlmodrio_toolchains",
      "executionPlatformsToRegister": [],
      "toolchainsToRegister": [
        "@local_bullseye_32//:macos",
        "@local_bullseye_32//:linux",
        "@local_bullseye_32//:windows",
        "@local_bullseye_64//:macos",
        "@local_bullseye_64//:linux",
        "@local_bullseye_64//:windows",
        "@local_raspi_32//:macos",
        "@local_raspi_32//:linux",
        "@local_raspi_32//:windows",
        "@local_roborio//:macos",
        "@local_roborio//:linux",
        "@local_roborio//:windows"
      ],
      "extensionUsages": [
        {
          "extensionBzlFile": "@rules_bzlmodrio_toolchains//:maven_deps.bzl",
          "extensionName": "deps",
          "usingModule": "rules_bzlmodrio_toolchains@2024-1",
          "location": {
            "file": "https://raw.githubusercontent.com/pjreiniger/bazel-central-registry/bzlmodrio/modules/rules_bzlmodrio_toolchains/2024-1/MODULE.bazel",
            "line": 11,
            "column": 21
          },
          "imports": {
            "bazelrio_bullseye_32_toolchain_linux": "bazelrio_bullseye_32_toolchain_linux",
            "bazelrio_bullseye_32_toolchain_macos": "bazelrio_bullseye_32_toolchain_macos",
            "bazelrio_bullseye_32_toolchain_windows": "bazelrio_bullseye_32_toolchain_windows",
            "bazelrio_bullseye_64_toolchain_linux": "bazelrio_bullseye_64_toolchain_linux",
            "bazelrio_bullseye_64_toolchain_macos": "bazelrio_bullseye_64_toolchain_macos",
            "bazelrio_bullseye_64_toolchain_windows": "bazelrio_bullseye_64_toolchain_windows",
            "bazelrio_raspi_32_toolchain_linux": "bazelrio_raspi_32_toolchain_linux",
            "bazelrio_raspi_32_toolchain_macos": "bazelrio_raspi_32_toolchain_macos",
            "bazelrio_raspi_32_toolchain_windows": "bazelrio_raspi_32_toolchain_windows",
            "bazelrio_roborio_toolchain_linux": "bazelrio_roborio_toolchain_linux",
            "bazelrio_roborio_toolchain_macos": "bazelrio_roborio_toolchain_macos",
            "bazelrio_roborio_toolchain_windows": "bazelrio_roborio_toolchain_windows"
          },
          "devImports": [],
          "tags": [],
          "hasDevUseExtension": false,
          "hasNonDevUseExtension": true
        },
        {
          "extensionBzlFile": "@rules_bzlmodrio_toolchains//:extensions.bzl",
          "extensionName": "sh_configure",
          "usingModule": "rules_bzlmodrio_toolchains@2024-1",
          "location": {
            "file": "https://raw.githubusercontent.com/pjreiniger/bazel-central-registry/bzlmodrio/modules/rules_bzlmodrio_toolchains/2024-1/MODULE.bazel",
            "line": 28,
            "column": 29
          },
          "imports": {
            "local_bullseye_32": "local_bullseye_32",
            "local_bullseye_64": "local_bullseye_64",
            "local_raspi_32": "local_raspi_32",
            "local_roborio": "local_roborio"
          },
          "devImports": [],
          "tags": [],
          "hasDevUseExtension": false,
          "hasNonDevUseExtension": true
        }
      ],
      "deps": {
        "platforms": "platforms@0.0.7",
        "rules_cc": "rules_cc@0.0.9",
        "bazel_skylib": "bazel_skylib@1.4.2",
        "bazel_tools": "bazel_tools@_",
        "local_config_platform": "local_config_platform@_"
      },
      "repoSpec": {
        "bzlFile": "@bazel_tools//tools/build_defs/repo:http.bzl",
        "ruleClassName": "http_archive",
        "attributes": {
          "name": "rules_bzlmodrio_toolchains~2024-1",
          "urls": [
            "https://github.com/bzlmodRio/rules_bzlmodrio_toolchains/releases/download/2024-1/rules_bzlmodrio_toolchains-2024-1.tar.gz"
          ],
          "integrity": "sha256-zT/wRkJ+nG28DIakWMjPCBuARfw/tCZdCMDr/Bf5yzA=",
          "strip_prefix": "",
          "remote_patches": {},
          "remote_patch_strip": 0
        }
      }
    },
    "bazel_tools@_": {
      "name": "bazel_tools",
      "version": "",
      "key": "bazel_tools@_",
      "repoName": "bazel_tools",
      "executionPlatformsToRegister": [],
      "toolchainsToRegister": [
        "@local_config_cc_toolchains//:all",
        "@local_config_sh//:local_sh_toolchain"
      ],
      "extensionUsages": [
        {
          "extensionBzlFile": "@bazel_tools//tools/cpp:cc_configure.bzl",
          "extensionName": "cc_configure_extension",
          "usingModule": "bazel_tools@_",
          "location": {
            "file": "@@bazel_tools//:MODULE.bazel",
            "line": 13,
            "column": 29
          },
          "imports": {
            "local_config_cc": "local_config_cc",
            "local_config_cc_toolchains": "local_config_cc_toolchains"
          },
          "devImports": [],
          "tags": [],
          "hasDevUseExtension": false,
          "hasNonDevUseExtension": true
        },
        {
          "extensionBzlFile": "@bazel_tools//tools/osx:xcode_configure.bzl",
          "extensionName": "xcode_configure_extension",
          "usingModule": "bazel_tools@_",
          "location": {
            "file": "@@bazel_tools//:MODULE.bazel",
            "line": 17,
            "column": 32
          },
          "imports": {
            "local_config_xcode": "local_config_xcode"
          },
          "devImports": [],
          "tags": [],
          "hasDevUseExtension": false,
          "hasNonDevUseExtension": true
        },
        {
          "extensionBzlFile": "@rules_java//java:extensions.bzl",
          "extensionName": "toolchains",
          "usingModule": "bazel_tools@_",
          "location": {
            "file": "@@bazel_tools//:MODULE.bazel",
            "line": 20,
            "column": 32
          },
          "imports": {
            "local_jdk": "local_jdk",
            "remote_java_tools": "remote_java_tools",
            "remote_java_tools_linux": "remote_java_tools_linux",
            "remote_java_tools_windows": "remote_java_tools_windows",
            "remote_java_tools_darwin_x86_64": "remote_java_tools_darwin_x86_64",
            "remote_java_tools_darwin_arm64": "remote_java_tools_darwin_arm64"
          },
          "devImports": [],
          "tags": [],
          "hasDevUseExtension": false,
          "hasNonDevUseExtension": true
        },
        {
          "extensionBzlFile": "@bazel_tools//tools/sh:sh_configure.bzl",
          "extensionName": "sh_configure_extension",
          "usingModule": "bazel_tools@_",
          "location": {
            "file": "@@bazel_tools//:MODULE.bazel",
            "line": 31,
            "column": 39
          },
          "imports": {
            "local_config_sh": "local_config_sh"
          },
          "devImports": [],
          "tags": [],
          "hasDevUseExtension": false,
          "hasNonDevUseExtension": true
        },
        {
          "extensionBzlFile": "@bazel_tools//tools/test:extensions.bzl",
          "extensionName": "remote_coverage_tools_extension",
          "usingModule": "bazel_tools@_",
          "location": {
            "file": "@@bazel_tools//:MODULE.bazel",
            "line": 35,
            "column": 48
          },
          "imports": {
            "remote_coverage_tools": "remote_coverage_tools"
          },
          "devImports": [],
          "tags": [],
          "hasDevUseExtension": false,
          "hasNonDevUseExtension": true
        },
        {
          "extensionBzlFile": "@bazel_tools//tools/android:android_extensions.bzl",
          "extensionName": "remote_android_tools_extensions",
          "usingModule": "bazel_tools@_",
          "location": {
            "file": "@@bazel_tools//:MODULE.bazel",
            "line": 38,
            "column": 42
          },
          "imports": {
            "android_gmaven_r8": "android_gmaven_r8",
            "android_tools": "android_tools"
          },
          "devImports": [],
          "tags": [],
          "hasDevUseExtension": false,
          "hasNonDevUseExtension": true
        }
      ],
      "deps": {
        "rules_cc": "rules_cc@0.0.9",
        "rules_java": "rules_java@6.4.0",
        "rules_license": "rules_license@0.0.7",
        "rules_proto": "rules_proto@4.0.0",
        "rules_python": "rules_python@0.4.0",
        "platforms": "platforms@0.0.7",
        "com_google_protobuf": "protobuf@3.19.6",
        "zlib": "zlib@1.2.13",
        "local_config_platform": "local_config_platform@_"
      }
    },
    "local_config_platform@_": {
      "name": "local_config_platform",
      "version": "",
      "key": "local_config_platform@_",
      "repoName": "local_config_platform",
      "executionPlatformsToRegister": [],
      "toolchainsToRegister": [],
      "extensionUsages": [],
      "deps": {
        "platforms": "platforms@0.0.7",
        "bazel_tools": "bazel_tools@_"
      }
    },
    "rules_license@0.0.7": {
      "name": "rules_license",
      "version": "0.0.7",
      "key": "rules_license@0.0.7",
      "repoName": "rules_license",
      "executionPlatformsToRegister": [],
      "toolchainsToRegister": [],
      "extensionUsages": [],
      "deps": {
        "bazel_tools": "bazel_tools@_",
        "local_config_platform": "local_config_platform@_"
      },
      "repoSpec": {
        "bzlFile": "@bazel_tools//tools/build_defs/repo:http.bzl",
        "ruleClassName": "http_archive",
        "attributes": {
          "name": "rules_license~0.0.7",
          "urls": [
            "https://github.com/bazelbuild/rules_license/releases/download/0.0.7/rules_license-0.0.7.tar.gz"
          ],
          "integrity": "sha256-RTHezLkTY5ww5cdRKgVNXYdWmNrrddjPkPKEN1/nw2A=",
          "strip_prefix": "",
          "remote_patches": {},
          "remote_patch_strip": 0
        }
      }
    },
    "rules_cc@0.0.9": {
      "name": "rules_cc",
      "version": "0.0.9",
      "key": "rules_cc@0.0.9",
      "repoName": "rules_cc",
      "executionPlatformsToRegister": [],
      "toolchainsToRegister": [
        "@local_config_cc_toolchains//:all"
      ],
      "extensionUsages": [
        {
          "extensionBzlFile": "@bazel_tools//tools/cpp:cc_configure.bzl",
          "extensionName": "cc_configure_extension",
          "usingModule": "rules_cc@0.0.9",
          "location": {
            "file": "https://raw.githubusercontent.com/pjreiniger/bazel-central-registry/bzlmodrio/modules/rules_cc/0.0.9/MODULE.bazel",
            "line": 9,
            "column": 29
          },
          "imports": {
            "local_config_cc_toolchains": "local_config_cc_toolchains"
          },
          "devImports": [],
          "tags": [],
          "hasDevUseExtension": false,
          "hasNonDevUseExtension": true
        }
      ],
      "deps": {
        "platforms": "platforms@0.0.7",
        "bazel_tools": "bazel_tools@_",
        "local_config_platform": "local_config_platform@_"
      },
      "repoSpec": {
        "bzlFile": "@bazel_tools//tools/build_defs/repo:http.bzl",
        "ruleClassName": "http_archive",
        "attributes": {
          "name": "rules_cc~0.0.9",
          "urls": [
            "https://github.com/bazelbuild/rules_cc/releases/download/0.0.9/rules_cc-0.0.9.tar.gz"
          ],
          "integrity": "sha256-IDeHW5pEVtzkp50RKorohbvEqtlo5lh9ym5k86CQDN8=",
          "strip_prefix": "rules_cc-0.0.9",
          "remote_patches": {
            "https://raw.githubusercontent.com/pjreiniger/bazel-central-registry/bzlmodrio/modules/rules_cc/0.0.9/patches/module_dot_bazel_version.patch": "sha256-mM+qzOI0SgAdaJBlWOSMwMPKpaA9b7R37Hj/tp5bb4g="
          },
          "remote_patch_strip": 0
        }
      }
    },
    "bazel_skylib@1.4.2": {
      "name": "bazel_skylib",
      "version": "1.4.2",
      "key": "bazel_skylib@1.4.2",
      "repoName": "bazel_skylib",
      "executionPlatformsToRegister": [],
      "toolchainsToRegister": [
        "//toolchains/unittest:cmd_toolchain",
        "//toolchains/unittest:bash_toolchain"
      ],
      "extensionUsages": [],
      "deps": {
        "platforms": "platforms@0.0.7",
        "bazel_tools": "bazel_tools@_",
        "local_config_platform": "local_config_platform@_"
      },
      "repoSpec": {
        "bzlFile": "@bazel_tools//tools/build_defs/repo:http.bzl",
        "ruleClassName": "http_archive",
        "attributes": {
          "name": "bazel_skylib~1.4.2",
          "urls": [
            "https://github.com/bazelbuild/bazel-skylib/releases/download/1.4.2/bazel-skylib-1.4.2.tar.gz"
          ],
          "integrity": "sha256-Zv/ZMVZlv6r8lrUiePV8fi3Qn17eJ56m05sr5HHn46o=",
          "strip_prefix": "",
          "remote_patches": {},
          "remote_patch_strip": 0
        }
      }
    },
    "rules_proto@4.0.0": {
      "name": "rules_proto",
      "version": "4.0.0",
      "key": "rules_proto@4.0.0",
      "repoName": "rules_proto",
      "executionPlatformsToRegister": [],
      "toolchainsToRegister": [],
      "extensionUsages": [],
      "deps": {
        "bazel_skylib": "bazel_skylib@1.4.2",
        "rules_cc": "rules_cc@0.0.9",
        "bazel_tools": "bazel_tools@_",
        "local_config_platform": "local_config_platform@_"
      },
      "repoSpec": {
        "bzlFile": "@bazel_tools//tools/build_defs/repo:http.bzl",
        "ruleClassName": "http_archive",
        "attributes": {
          "name": "rules_proto~4.0.0",
          "urls": [
            "https://github.com/bazelbuild/rules_proto/archive/refs/tags/4.0.0.zip"
          ],
          "integrity": "sha256-Lr5z6xyuRA19pNtRYMGjKaynwQpck4H/lwYyVjyhoq4=",
          "strip_prefix": "rules_proto-4.0.0",
          "remote_patches": {
            "https://raw.githubusercontent.com/pjreiniger/bazel-central-registry/bzlmodrio/modules/rules_proto/4.0.0/patches/module_dot_bazel.patch": "sha256-MclJO7tIAM2ElDAmscNId9pKTpOuDGHgVlW/9VBOIp0="
          },
          "remote_patch_strip": 0
        }
      }
    },
    "rules_python@0.4.0": {
      "name": "rules_python",
      "version": "0.4.0",
      "key": "rules_python@0.4.0",
      "repoName": "rules_python",
      "executionPlatformsToRegister": [],
      "toolchainsToRegister": [
        "@bazel_tools//tools/python:autodetecting_toolchain"
      ],
      "extensionUsages": [
        {
          "extensionBzlFile": "@rules_python//bzlmod:extensions.bzl",
          "extensionName": "pip_install",
          "usingModule": "rules_python@0.4.0",
          "location": {
            "file": "https://raw.githubusercontent.com/pjreiniger/bazel-central-registry/bzlmodrio/modules/rules_python/0.4.0/MODULE.bazel",
            "line": 7,
            "column": 28
          },
          "imports": {
            "pypi__click": "pypi__click",
            "pypi__pip": "pypi__pip",
            "pypi__pip_tools": "pypi__pip_tools",
            "pypi__pkginfo": "pypi__pkginfo",
            "pypi__setuptools": "pypi__setuptools",
            "pypi__wheel": "pypi__wheel"
          },
          "devImports": [],
          "tags": [],
          "hasDevUseExtension": false,
          "hasNonDevUseExtension": true
        }
      ],
      "deps": {
        "bazel_tools": "bazel_tools@_",
        "local_config_platform": "local_config_platform@_"
      },
      "repoSpec": {
        "bzlFile": "@bazel_tools//tools/build_defs/repo:http.bzl",
        "ruleClassName": "http_archive",
        "attributes": {
          "name": "rules_python~0.4.0",
          "urls": [
            "https://github.com/bazelbuild/rules_python/releases/download/0.4.0/rules_python-0.4.0.tar.gz"
          ],
          "integrity": "sha256-lUqom0kb5KCDMEosuDgBnIuMNyCnq7nEy4GseiQjDOo=",
          "strip_prefix": "",
          "remote_patches": {
            "https://raw.githubusercontent.com/pjreiniger/bazel-central-registry/bzlmodrio/modules/rules_python/0.4.0/patches/propagate_pip_install_dependencies.patch": "sha256-v7S/dem/mixg63MF4KoRGDA4KEol9ab/tIVp+6Xq0D0=",
            "https://raw.githubusercontent.com/pjreiniger/bazel-central-registry/bzlmodrio/modules/rules_python/0.4.0/patches/module_dot_bazel.patch": "sha256-kG4VIfWxQazzTuh50mvsx6pmyoRVA4lfH5rkto/Oq+Y="
          },
          "remote_patch_strip": 1
        }
      }
    },
    "protobuf@3.19.6": {
      "name": "protobuf",
      "version": "3.19.6",
      "key": "protobuf@3.19.6",
      "repoName": "protobuf",
      "executionPlatformsToRegister": [],
      "toolchainsToRegister": [],
      "extensionUsages": [],
      "deps": {
        "bazel_skylib": "bazel_skylib@1.4.2",
        "zlib": "zlib@1.2.13",
        "rules_python": "rules_python@0.4.0",
        "rules_cc": "rules_cc@0.0.9",
        "rules_proto": "rules_proto@4.0.0",
        "rules_java": "rules_java@6.4.0",
        "bazel_tools": "bazel_tools@_",
        "local_config_platform": "local_config_platform@_"
      },
      "repoSpec": {
        "bzlFile": "@bazel_tools//tools/build_defs/repo:http.bzl",
        "ruleClassName": "http_archive",
        "attributes": {
          "name": "protobuf~3.19.6",
          "urls": [
            "https://github.com/protocolbuffers/protobuf/archive/refs/tags/v3.19.6.zip"
          ],
          "integrity": "sha256-OH4sVZuyx8G8N5jE5s/wFTgaebJ1hpavy/johzC0c4k=",
          "strip_prefix": "protobuf-3.19.6",
          "remote_patches": {
            "https://raw.githubusercontent.com/pjreiniger/bazel-central-registry/bzlmodrio/modules/protobuf/3.19.6/patches/relative_repo_names.patch": "sha256-w/5gw/zGv8NFId+669hcdw1Uus2lxgYpulATHIwIByI=",
            "https://raw.githubusercontent.com/pjreiniger/bazel-central-registry/bzlmodrio/modules/protobuf/3.19.6/patches/remove_dependency_on_rules_jvm_external.patch": "sha256-THUTnVgEBmjA0W7fKzIyZOVG58DnW9HQTkr4D2zKUUc=",
            "https://raw.githubusercontent.com/pjreiniger/bazel-central-registry/bzlmodrio/modules/protobuf/3.19.6/patches/add_module_dot_bazel_for_examples.patch": "sha256-s/b1gi3baK3LsXefI2rQilhmkb2R5jVJdnT6zEcdfHY=",
            "https://raw.githubusercontent.com/pjreiniger/bazel-central-registry/bzlmodrio/modules/protobuf/3.19.6/patches/module_dot_bazel.patch": "sha256-S0DEni8zgx7rHscW3z/rCEubQnYec0XhNet640cw0h4="
          },
          "remote_patch_strip": 1
        }
      }
    },
    "zlib@1.2.13": {
      "name": "zlib",
      "version": "1.2.13",
      "key": "zlib@1.2.13",
      "repoName": "zlib",
      "executionPlatformsToRegister": [],
      "toolchainsToRegister": [],
      "extensionUsages": [],
      "deps": {
        "bazel_tools": "bazel_tools@_",
        "local_config_platform": "local_config_platform@_"
      },
      "repoSpec": {
        "bzlFile": "@bazel_tools//tools/build_defs/repo:http.bzl",
        "ruleClassName": "http_archive",
        "attributes": {
          "name": "zlib~1.2.13",
          "urls": [
            "https://github.com/madler/zlib/archive/refs/tags/v1.2.13.zip"
          ],
          "integrity": "sha256-woVpUbvzDjCGGs43ZVldhroT8s8BJ52QH2xiJYxX9P8=",
          "strip_prefix": "zlib-1.2.13",
          "remote_patches": {
            "https://raw.githubusercontent.com/pjreiniger/bazel-central-registry/bzlmodrio/modules/zlib/1.2.13/patches/add_build_file.patch": "sha256-Z2ig1F01/dfdG63H+GwYRMcGbW/zAGIUWnKKrwKSEaQ=",
            "https://raw.githubusercontent.com/pjreiniger/bazel-central-registry/bzlmodrio/modules/zlib/1.2.13/patches/module_dot_bazel.patch": "sha256-Nc7xP02Dl6yHQvkiZWSQnlnw1T277yS4cJxxONWJ/Ic="
          },
          "remote_patch_strip": 0
        }
      }
    }
  },
  "moduleExtensions": {}
}
